<?xml version="1.0" encoding="utf-8"?>
<Project ToolsVersion="4.0" xmlns="http://schemas.microsoft.com/developer/msbuild/2003">
  <ItemGroup>
    <Filter Include="Source Files">
      <UniqueIdentifier>{4FC737F1-C7A5-4376-A066-2A32D752A2FF}</UniqueIdentifier>
      <Extensions>cpp;c;cc;cxx;def;odl;idl;hpj;bat;asm;asmx</Extensions>
    </Filter>
    <Filter Include="Header Files">
      <UniqueIdentifier>{93995380-89BD-4b04-88EB-625FBE52EBFB}</UniqueIdentifier>
      <Extensions>h;hh;hpp;hxx;hm;inl;inc;xsd</Extensions>
    </Filter>
    <Filter Include="Resource Files">
      <UniqueIdentifier>{67DA6AB6-F800-4c08-8B7A-83BB121AAD01}</UniqueIdentifier>
      <Extensions>rc;ico;cur;bmp;dlg;rc2;rct;bin;rgs;gif;jpg;jpeg;jpe;resx;tiff;tif;png;wav;mfcribbon-ms</Extensions>
    </Filter>
  </ItemGroup>
  <ItemGroup>
    <ClInclude Include="Solution.h">
      <Filter>Header Files</Filter>
    </ClInclude>
    <ClInclude Include="258.h">
      <Filter>Source Files</Filter>
    </ClInclude>
    <ClInclude Include="104.h">
      <Filter>Source Files</Filter>
    </ClInclude>
    <ClInclude Include="226.h">
      <Filter>Source Files</Filter>
    </ClInclude>
    <ClInclude Include="283.h">
      <Filter>Source Files</Filter>
    </ClInclude>
    <ClInclude Include="349.h">
      <Filter>Source Files</Filter>
    </ClInclude>
    <ClInclude Include="237.h">
      <Filter>Source Files</Filter>
    </ClInclude>
    <ClInclude Include="100.h">
      <Filter>Source Files</Filter>
    </ClInclude>
    <ClInclude Include="171.h">
      <Filter>Source Files</Filter>
    </ClInclude>
    <ClInclude Include="383.h">
      <Filter>Source Files</Filter>
    </ClInclude>
    <ClInclude Include="242.h">
      <Filter>Source Files</Filter>
    </ClInclude>
    <ClInclude Include="169.h">
      <Filter>Source Files</Filter>
    </ClInclude>
    <ClInclude Include="206.h">
      <Filter>Source Files</Filter>
    </ClInclude>
    <ClInclude Include="66.h">
      <Filter>Source Files</Filter>
    </ClInclude>
    <ClInclude Include="70.h">
      <Filter>Source Files</Filter>
    </ClInclude>
    <ClInclude Include="83.h">
      <Filter>Source Files</Filter>
    </ClInclude>
    <ClInclude Include="101.h">
      <Filter>Source Files</Filter>
    </ClInclude>
    <ClInclude Include="121.h">
      <Filter>Source Files</Filter>
    </ClInclude>
    <ClInclude Include="136.h">
      <Filter>Source Files</Filter>
    </ClInclude>
    <ClInclude Include="141.h">
      <Filter>Source Files</Filter>
    </ClInclude>
    <ClInclude Include="160.h">
      <Filter>Source Files</Filter>
    </ClInclude>
    <ClInclude Include="167.h">
      <Filter>Source Files</Filter>
    </ClInclude>
    <ClInclude Include="191.h">
      <Filter>Source Files</Filter>
    </ClInclude>
    <ClInclude Include="198.h">
      <Filter>Source Files</Filter>
    </ClInclude>
    <ClInclude Include="202.h">
      <Filter>Source Files</Filter>
    </ClInclude>
    <ClInclude Include="217.h">
      <Filter>Source Files</Filter>
    </ClInclude>
    <ClInclude Include="231.h">
      <Filter>Source Files</Filter>
    </ClInclude>
    <ClInclude Include="235.h">
      <Filter>Source Files</Filter>
    </ClInclude>
    <ClInclude Include="263.h">
      <Filter>Source Files</Filter>
    </ClInclude>
    <ClInclude Include="326.h">
      <Filter>Source Files</Filter>
    </ClInclude>
    <ClInclude Include="342.h">
      <Filter>Source Files</Filter>
    </ClInclude>
    <ClInclude Include="345.h">
      <Filter>Source Files</Filter>
    </ClInclude>
    <ClInclude Include="350.h">
      <Filter>Source Files</Filter>
    </ClInclude>
    <ClInclude Include="387.h">
      <Filter>Source Files</Filter>
    </ClInclude>
    <ClInclude Include="389.h">
      <Filter>Source Files</Filter>
    </ClInclude>
    <ClInclude Include="RetryThese.h">
      <Filter>Source Files</Filter>
    </ClInclude>
    <ClInclude Include="303.h">
      <Filter>Source Files</Filter>
    </ClInclude>
    <ClInclude Include="199.h">
      <Filter>Source Files</Filter>
    </ClInclude>
    <ClInclude Include="173.h">
      <Filter>Source Files</Filter>
    </ClInclude>
    <ClInclude Include="59.h">
      <Filter>Source Files</Filter>
    </ClInclude>
  </ItemGroup>
  <ItemGroup>
    <ClCompile Include="Solution.cpp">
      <Filter>Source Files</Filter>
    </ClCompile>
    <ClCompile Include="371.h">
      <Filter>Source Files</Filter>
    </ClCompile>
    <ClCompile Include="344.h">
      <Filter>Source Files</Filter>
    </ClCompile>
    <ClCompile Include="292.h">
      <Filter>Source Files</Filter>
    </ClCompile>
  </ItemGroup>
</Project>